{
  "name": "Nova",
  "lockfileVersion": 3,
  "requires": true,
  "packages": {
    "": {
      "dependencies": {
        "@azure/msal-browser": "^3.26.1",
        "@fortawesome/free-solid-svg-icons": "^7.2.0",
        "@fortawesome/react-fontawesome": "^3.3.1"
      }
    },
    "node_modules/@azure/msal-browser": {
      "version": "3.26.1",
      "resolved": "https://registry.npmjs.org/@azure/msal-browser/-/msal-browser-3.26.1.tgz",
      "integrity": "sha512-y78sr9g61aCAH9fcLO1um+oHFXc1/5Ap88RIsUSuzkm0BHzFnN+PXGaQeuM1h5Qf5dTnWNOd6JqkskkMPAhh7Q==",
      "license": "MIT",
      "dependencies": {
        "@azure/msal-common": "14.15.0"
      },
      "engines": {
        "node": ">=0.8.0"
      }
    },
    "node_modules/@azure/msal-common": {
      "version": "14.15.0",
      "resolved": "https://registry.npmjs.org/@azure/msal-common/-/msal-common-14.15.0.tgz",
      "integrity": "sha512-ImAQHxmpMneJ/4S8BRFhjt1MZ3bppmpRPYYNyzeQPeFN288YKbb8TmmISQEbtfkQ1BPASvYZU5doIZOPBAqENQ==",
      "license": "MIT",
      "engines": {
        "node": ">=0.8.0"
      }
    },
    "node_modules/@fortawesome/fontawesome-common-types": {
      "version": "7.2.0",
      "resolved": "https://registry.npmjs.org/@fortawesome/fontawesome-common-types/-/fontawesome-common-types-7.2.0.tgz",
      "integrity": "sha512-IpR0bER9FY25p+e7BmFH25MZKEwFHTfRAfhOyJubgiDnoJNsSvJ7nigLraHtp4VOG/cy8D7uiV0dLkHOne5Fhw==",
      "license": "MIT",
      "engines": {
        "node": ">=6"
      }
    },
    "node_modules/@fortawesome/fontawesome-svg-core": {
      "version": "7.2.0",
      "resolved": "https://registry.npmjs.org/@fortawesome/fontawesome-svg-core/-/fontawesome-svg-core-7.2.0.tgz",
      "integrity": "sha512-6639htZMjEkwskf3J+e6/iar+4cTNM9qhoWuRfj9F3eJD6r7iCzV1SWnQr2Mdv0QT0suuqU8BoJCZUyCtP9R4Q==",
      "license": "MIT",
      "peer": true,
      "dependencies": {
        "@fortawesome/fontawesome-common-types": "7.2.0"
      },
      "engines": {
        "node": ">=6"
      }
    },
    "node_modules/@fortawesome/free-solid-svg-icons": {
      "version": "7.2.0",
      "resolved": "https://registry.npmjs.org/@fortawesome/free-solid-svg-icons/-/free-solid-svg-icons-7.2.0.tgz",
      "integrity": "sha512-YTVITFGN0/24PxzXrwqCgnyd7njDuzp5ZvaCx5nq/jg55kUYd94Nj8UTchBdBofi/L0nwRfjGOg0E41d2u9T1w==",
      "license": "(CC-BY-4.0 AND MIT)",
      "dependencies": {
        "@fortawesome/fontawesome-common-types": "7.2.0"
      },
      "engines": {
        "node": ">=6"
      }
    },
    "node_modules/@fortawesome/react-fontawesome": {
      "version": "3.3.1",
      "resolved": "https://registry.npmjs.org/@fortawesome/react-fontawesome/-/react-fontawesome-3.3.1.tgz",
      "integrity": "sha512-wGnAPhfzivDwBWYmEG8MSrEXPruoiMMo48NnsRkj1NZkoaawgOijPNAiSHKMYEoCsqTBSgLTzL6EqTTWGaUR4w==",
      "license": "MIT",
      "engines": {
        "node": ">=20"
      },
      "peerDependencies": {
        "@fortawesome/fontawesome-svg-core": "~6 || ~7",
        "react": "^18.0.0 || ^19.0.0"
      }
    },
    "node_modules/react": {
      "version": "19.2.7",
      "resolved": "https://registry.npmjs.org/react/-/react-19.2.7.tgz",
      "integrity": "sha512-HNe9WslTbXmFK8o8cmwgAeJFSBvt1bPdHCVKtaaV+WlAN36mpT4hcRpwbf3fY56ar2oIXzsBpOAiIRHAdY0OlQ==",
      "license": "MIT",
      "peer": true,
      "engines": {
        "node": ">=0.10.0"
      }
    }
  }
}
